
Microsoft Visual Studio Solution File, Format Version 12.00
# Visual Studio 14
VisualStudioVersion = 14.0.25420.1
MinimumVisualStudioVersion = 10.0.40219.1
Project("{2150E333-8FDC-42A3-9474-1A3956D46DE8}") = "Solution Items", "Solution Items", "{61D501CE-BF7D-40FD-8BE7-86B7CE326A73}"
	ProjectSection(SolutionItems) = preProject
		global.json = global.json
	EndProjectSection
EndProject
Project("{2150E333-8FDC-42A3-9474-1A3956D46DE8}") = "Projects", "Projects", "{98EC87E5-FC09-4752-97B1-88FEDAFDF5B2}"
EndProject
Project("{8BB2217D-0F2D-49D1-97BC-3654ED321F3B}") = "TextMetal.Middleware.Solder.Primitives", "TextMetal.Middleware.Solder.Primitives\TextMetal.Middleware.Solder.Primitives.xproj", "{B6D5B9FD-4DD7-446C-939F-BD0B2B3A31DC}"
EndProject
Project("{8BB2217D-0F2D-49D1-97BC-3654ED321F3B}") = "TextMetal.ConsoleTool", "TextMetal.ConsoleTool\TextMetal.ConsoleTool.xproj", "{269E869E-C83B-4436-9A67-9273BFE1EF71}"
EndProject
Project("{8BB2217D-0F2D-49D1-97BC-3654ED321F3B}") = "TextMetal.Middleware.UnitTests", "TextMetal.Middleware.UnitTests\TextMetal.Middleware.UnitTests.xproj", "{232F02FA-A089-4128-8B56-6C22EDF2A5AC}"
EndProject
Project("{8BB2217D-0F2D-49D1-97BC-3654ED321F3B}") = "TextMetal.Framework", "TextMetal.Framework\TextMetal.Framework.xproj", "{35D30312-C72C-42A5-996D-0487E94EA3F0}"
EndProject
Project("{8BB2217D-0F2D-49D1-97BC-3654ED321F3B}") = "TextMetal.Framework.UnitTests", "TextMetal.Framework.UnitTests\TextMetal.Framework.UnitTests.xproj", "{F987EE58-8462-4A08-B0A2-F5CA0018432A}"
EndProject
Project("{8BB2217D-0F2D-49D1-97BC-3654ED321F3B}") = "TextMetal.Framework.IntegrationTests", "TextMetal.Framework.IntegrationTests\TextMetal.Framework.IntegrationTests.xproj", "{D4C2088D-10AF-4E59-B4DB-FF5536E82385}"
EndProject
Project("{8BB2217D-0F2D-49D1-97BC-3654ED321F3B}") = "TextMetal.Middleware.IntegrationTests", "TextMetal.Middleware.IntegrationTests\TextMetal.Middleware.IntegrationTests.xproj", "{2D980167-9B74-428C-BB4A-46136C804A94}"
EndProject
Project("{2150E333-8FDC-42A3-9474-1A3956D46DE8}") = "bin", "bin", "{572BB62D-9D94-4871-94A5-4935515997DA}"
EndProject
Project("{2150E333-8FDC-42A3-9474-1A3956D46DE8}") = "lib", "lib", "{64ADAC3F-C7B6-44C0-B858-3B2A73C72A6D}"
EndProject
Project("{8BB2217D-0F2D-49D1-97BC-3654ED321F3B}") = "TextMetal.Middleware.Datazoid", "TextMetal.Middleware.Datazoid\TextMetal.Middleware.Datazoid.xproj", "{D6F33FD2-A067-44FC-9631-C58ED92F0614}"
EndProject
Project("{8BB2217D-0F2D-49D1-97BC-3654ED321F3B}") = "TextMetal.Imports", "TextMetal.Imports\TextMetal.Imports.xproj", "{F5FC8E02-F454-4D26-AC1F-3F39A6E075C9}"
EndProject
Project("{8BB2217D-0F2D-49D1-97BC-3654ED321F3B}") = "TextMetal.NopCLI", "TextMetal.NopCLI\TextMetal.NopCLI.xproj", "{F796E936-A05D-466D-92FF-B67E05FA90CD}"
EndProject
Project("{2150E333-8FDC-42A3-9474-1A3956D46DE8}") = "Solder", "Solder", "{009E0012-E258-4542-94BA-6CCB5A47980A}"
EndProject
Project("{8BB2217D-0F2D-49D1-97BC-3654ED321F3B}") = "TextMetal.Middleware.Solder.Context", "TextMetal.Middleware.Solder.Context\TextMetal.Middleware.Solder.Context.xproj", "{6ECA187F-D32C-48EF-B811-437F644B2E22}"
EndProject
Project("{8BB2217D-0F2D-49D1-97BC-3654ED321F3B}") = "TextMetal.Middleware.Solder.Injection", "TextMetal.Middleware.Solder.Injection\TextMetal.Middleware.Solder.Injection.xproj", "{97A86335-5F03-4AB0-AA18-246562929462}"
EndProject
Project("{8BB2217D-0F2D-49D1-97BC-3654ED321F3B}") = "TextMetal.Middleware.Solder.Interception", "TextMetal.Middleware.Solder.Interception\TextMetal.Middleware.Solder.Interception.xproj", "{09242A16-E781-4662-9638-3A5ACE01D38B}"
EndProject
Project("{8BB2217D-0F2D-49D1-97BC-3654ED321F3B}") = "TextMetal.Middleware.Solder.Serialization", "TextMetal.Middleware.Solder.Serialization\TextMetal.Middleware.Solder.Serialization.xproj", "{89926C39-8448-494B-9F1A-C119EC8BBBC0}"
EndProject
Project("{8BB2217D-0F2D-49D1-97BC-3654ED321F3B}") = "TextMetal.Middleware.Solder.Utilities", "TextMetal.Middleware.Solder.Utilities\TextMetal.Middleware.Solder.Utilities.xproj", "{8894561C-DCD7-4F42-B1C7-96AC135D74FA}"
EndProject
Project("{8BB2217D-0F2D-49D1-97BC-3654ED321F3B}") = "TextMetal.Middleware.Solder.Executive", "TextMetal.Middleware.Solder.Executive\TextMetal.Middleware.Solder.Executive.xproj", "{31ED40D1-088D-41E2-A76D-2B13E0AAA670}"
EndProject
Project("{2150E333-8FDC-42A3-9474-1A3956D46DE8}") = "Datazoid", "Datazoid", "{C964B932-C257-4DD2-961A-19AE14FCFB18}"
EndProject
Project("{2150E333-8FDC-42A3-9474-1A3956D46DE8}") = "Tests", "Tests", "{4AB6B02E-4FB3-493E-A576-65664D2EC41B}"
EndProject
Project("{8BB2217D-0F2D-49D1-97BC-3654ED321F3B}") = "TextMetal.Middleware.Solder.Extensions", "TextMetal.Middleware.Solder.Extensions\TextMetal.Middleware.Solder.Extensions.xproj", "{FED2BAB6-3BBE-46F9-8C8B-76C6D3AAD2FC}"
EndProject
Project("{2150E333-8FDC-42A3-9474-1A3956D46DE8}") = "Framework", "Framework", "{1F5F69A5-0A6F-46C9-B36F-0BBDCD4D78D9}"
EndProject
Project("{2150E333-8FDC-42A3-9474-1A3956D46DE8}") = "Imports", "Imports", "{C768FC92-FDCA-48DF-94BF-1902245BDF96}"
EndProject
Project("{2150E333-8FDC-42A3-9474-1A3956D46DE8}") = "Tools", "Tools", "{B901A9C1-710A-430F-ADF5-B1A492ABEDFF}"
EndProject
Project("{8BB2217D-0F2D-49D1-97BC-3654ED321F3B}") = "TextMetal.Imports.CastleCore", "TextMetal.Imports.CastleCore\TextMetal.Imports.CastleCore.xproj", "{DCB7DC1E-5680-4EBE-AF14-6036AE1DC03F}"
EndProject
Project("{8BB2217D-0F2D-49D1-97BC-3654ED321F3B}") = "TextMetal.Imports.Jint", "TextMetal.Imports.Jint\TextMetal.Imports.Jint.xproj", "{CFCC29BD-0D0E-40E5-AB7F-6B5FFFD58EE6}"
EndProject
Project("{8BB2217D-0F2D-49D1-97BC-3654ED321F3B}") = "TextMetal.Imports.NMock", "TextMetal.Imports.NMock\TextMetal.Imports.NMock.xproj", "{4A88C98B-9D6C-47CD-8D27-9C2D4840A349}"
EndProject
Project("{8BB2217D-0F2D-49D1-97BC-3654ED321F3B}") = "TextMetal.Imports.NUnit", "TextMetal.Imports.NUnit\TextMetal.Imports.NUnit.xproj", "{F1E30B96-34BA-4136-8A49-AF3D35CC53EA}"
EndProject
Project("{8BB2217D-0F2D-49D1-97BC-3654ED321F3B}") = "TextMetal.Middleware.Solder", "TextMetal.Middleware.Solder\TextMetal.Middleware.Solder.xproj", "{8958F0E4-5879-4D05-9E60-DDBC5CB408C4}"
EndProject
Project("{8BB2217D-0F2D-49D1-97BC-3654ED321F3B}") = "TextMetal.Middleware.Datazoid.Extensions", "TextMetal.Middleware.Datazoid.Extensions\TextMetal.Middleware.Datazoid.Extensions.xproj", "{6A682D9A-1D87-42BE-8799-445AAB2F0C05}"
EndProject
Project("{8BB2217D-0F2D-49D1-97BC-3654ED321F3B}") = "TextMetal.Middleware.Datazoid.Models", "TextMetal.Middleware.Datazoid.Models\TextMetal.Middleware.Datazoid.Models.xproj", "{5A6A912D-129A-4ED0-B71F-D1BA27CE31A7}"
EndProject
Project("{8BB2217D-0F2D-49D1-97BC-3654ED321F3B}") = "TextMetal.Middleware.Datazoid.Primitives", "TextMetal.Middleware.Datazoid.Primitives\TextMetal.Middleware.Datazoid.Primitives.xproj", "{BE650155-817B-4C7A-A71F-F4F2FBB56551}"
EndProject
Project("{8BB2217D-0F2D-49D1-97BC-3654ED321F3B}") = "TextMetal.Middleware.Datazoid.Repositories", "TextMetal.Middleware.Datazoid.Repositories\TextMetal.Middleware.Datazoid.Repositories.xproj", "{7CA55388-AEF2-409C-BC89-A413895E1237}"
EndProject
Project("{8BB2217D-0F2D-49D1-97BC-3654ED321F3B}") = "TextMetal.Middleware.Datazoid.UoW", "TextMetal.Middleware.Datazoid.UoW\TextMetal.Middleware.Datazoid.UoW.xproj", "{BBEE033E-9297-4D9E-9CD6-B0A1DE4874CC}"
EndProject
Project("{2150E333-8FDC-42A3-9474-1A3956D46DE8}") = "Textual", "Textual", "{F3309571-24C5-405C-9D1E-AE5FE7D353EC}"
EndProject
Project("{8BB2217D-0F2D-49D1-97BC-3654ED321F3B}") = "TextMetal.Middleware.Textual.Primitives", "TextMetal.Middleware.Textual.Primitives\TextMetal.Middleware.Textual.Primitives.xproj", "{29B002B4-9992-45D3-AD76-AFD2014457F5}"
EndProject
Project("{8BB2217D-0F2D-49D1-97BC-3654ED321F3B}") = "TextMetal.Middleware.Textual", "TextMetal.Middleware.Textual\TextMetal.Middleware.Textual.xproj", "{366CDACC-94CA-4875-8618-833530A5CDA5}"
EndProject
Project("{8BB2217D-0F2D-49D1-97BC-3654ED321F3B}") = "TextMetal.Middleware.Textual.Delimited", "TextMetal.Middleware.Textual.Delimited\TextMetal.Middleware.Textual.Delimited.xproj", "{DBF0DA6C-2F81-49EE-8103-B9DA6F370371}"
EndProject
Project("{2150E333-8FDC-42A3-9474-1A3956D46DE8}") = "Oxymoron", "Oxymoron", "{25B1711D-E77F-48ED-917C-44B8F9F439CB}"
EndProject
Project("{8BB2217D-0F2D-49D1-97BC-3654ED321F3B}") = "TextMetal.ConsoleTool.Ox", "TextMetal.ConsoleTool.Ox\TextMetal.ConsoleTool.Ox.xproj", "{0037E132-DDF9-4EA5-9192-2BBD91B67506}"
EndProject
Project("{8BB2217D-0F2D-49D1-97BC-3654ED321F3B}") = "TextMetal.Middleware.Oxymoron.Legacy", "TextMetal.Middleware.Oxymoron.Legacy\TextMetal.Middleware.Oxymoron.Legacy.xproj", "{94DFAAC5-DF5B-4022-B0B7-E59EF3817530}"
EndProject
Project("{2150E333-8FDC-42A3-9474-1A3956D46DE8}") = "etc", "etc", "{CA834366-EDFF-4998-AEF9-D50B4CC6BA4E}"
EndProject
Project("{159641D6-6404-4A2A-AE62-294DE0FE8301}") = "TextMetal.OxDemo.SSIS", "TextMetal.OxDemo.SSIS\TextMetal.OxDemo.SSIS.dtproj", "{B46339FB-4F2E-4323-826F-19054966616F}"
EndProject
Global
	GlobalSection(SolutionConfigurationPlatforms) = preSolution
		Debug|Any CPU = Debug|Any CPU
		Development|Any CPU = Development|Any CPU
		Release|Any CPU = Release|Any CPU
	EndGlobalSection
	GlobalSection(ProjectConfigurationPlatforms) = postSolution
		{B6D5B9FD-4DD7-446C-939F-BD0B2B3A31DC}.Debug|Any CPU.ActiveCfg = Debug|Any CPU
		{B6D5B9FD-4DD7-446C-939F-BD0B2B3A31DC}.Debug|Any CPU.Build.0 = Debug|Any CPU
		{B6D5B9FD-4DD7-446C-939F-BD0B2B3A31DC}.Development|Any CPU.ActiveCfg = Debug|Any CPU
		{B6D5B9FD-4DD7-446C-939F-BD0B2B3A31DC}.Development|Any CPU.Build.0 = Debug|Any CPU
		{B6D5B9FD-4DD7-446C-939F-BD0B2B3A31DC}.Release|Any CPU.ActiveCfg = Release|Any CPU
		{B6D5B9FD-4DD7-446C-939F-BD0B2B3A31DC}.Release|Any CPU.Build.0 = Release|Any CPU
		{269E869E-C83B-4436-9A67-9273BFE1EF71}.Debug|Any CPU.ActiveCfg = Debug|Any CPU
		{269E869E-C83B-4436-9A67-9273BFE1EF71}.Debug|Any CPU.Build.0 = Debug|Any CPU
		{269E869E-C83B-4436-9A67-9273BFE1EF71}.Development|Any CPU.ActiveCfg = Debug|Any CPU
		{269E869E-C83B-4436-9A67-9273BFE1EF71}.Development|Any CPU.Build.0 = Debug|Any CPU
		{269E869E-C83B-4436-9A67-9273BFE1EF71}.Release|Any CPU.ActiveCfg = Release|Any CPU
		{269E869E-C83B-4436-9A67-9273BFE1EF71}.Release|Any CPU.Build.0 = Release|Any CPU
		{232F02FA-A089-4128-8B56-6C22EDF2A5AC}.Debug|Any CPU.ActiveCfg = Debug|Any CPU
		{232F02FA-A089-4128-8B56-6C22EDF2A5AC}.Debug|Any CPU.Build.0 = Debug|Any CPU
		{232F02FA-A089-4128-8B56-6C22EDF2A5AC}.Development|Any CPU.ActiveCfg = Debug|Any CPU
		{232F02FA-A089-4128-8B56-6C22EDF2A5AC}.Development|Any CPU.Build.0 = Debug|Any CPU
		{232F02FA-A089-4128-8B56-6C22EDF2A5AC}.Release|Any CPU.ActiveCfg = Release|Any CPU
		{232F02FA-A089-4128-8B56-6C22EDF2A5AC}.Release|Any CPU.Build.0 = Release|Any CPU
		{35D30312-C72C-42A5-996D-0487E94EA3F0}.Debug|Any CPU.ActiveCfg = Debug|Any CPU
		{35D30312-C72C-42A5-996D-0487E94EA3F0}.Debug|Any CPU.Build.0 = Debug|Any CPU
		{35D30312-C72C-42A5-996D-0487E94EA3F0}.Development|Any CPU.ActiveCfg = Debug|Any CPU
		{35D30312-C72C-42A5-996D-0487E94EA3F0}.Development|Any CPU.Build.0 = Debug|Any CPU
		{35D30312-C72C-42A5-996D-0487E94EA3F0}.Release|Any CPU.ActiveCfg = Release|Any CPU
		{35D30312-C72C-42A5-996D-0487E94EA3F0}.Release|Any CPU.Build.0 = Release|Any CPU
		{F987EE58-8462-4A08-B0A2-F5CA0018432A}.Debug|Any CPU.ActiveCfg = Debug|Any CPU
		{F987EE58-8462-4A08-B0A2-F5CA0018432A}.Debug|Any CPU.Build.0 = Debug|Any CPU
		{F987EE58-8462-4A08-B0A2-F5CA0018432A}.Development|Any CPU.ActiveCfg = Debug|Any CPU
		{F987EE58-8462-4A08-B0A2-F5CA0018432A}.Development|Any CPU.Build.0 = Debug|Any CPU
		{F987EE58-8462-4A08-B0A2-F5CA0018432A}.Release|Any CPU.ActiveCfg = Release|Any CPU
		{F987EE58-8462-4A08-B0A2-F5CA0018432A}.Release|Any CPU.Build.0 = Release|Any CPU
		{D4C2088D-10AF-4E59-B4DB-FF5536E82385}.Debug|Any CPU.ActiveCfg = Debug|Any CPU
		{D4C2088D-10AF-4E59-B4DB-FF5536E82385}.Debug|Any CPU.Build.0 = Debug|Any CPU
		{D4C2088D-10AF-4E59-B4DB-FF5536E82385}.Development|Any CPU.ActiveCfg = Debug|Any CPU
		{D4C2088D-10AF-4E59-B4DB-FF5536E82385}.Development|Any CPU.Build.0 = Debug|Any CPU
		{D4C2088D-10AF-4E59-B4DB-FF5536E82385}.Release|Any CPU.ActiveCfg = Release|Any CPU
		{D4C2088D-10AF-4E59-B4DB-FF5536E82385}.Release|Any CPU.Build.0 = Release|Any CPU
		{2D980167-9B74-428C-BB4A-46136C804A94}.Debug|Any CPU.ActiveCfg = Debug|Any CPU
		{2D980167-9B74-428C-BB4A-46136C804A94}.Debug|Any CPU.Build.0 = Debug|Any CPU
		{2D980167-9B74-428C-BB4A-46136C804A94}.Development|Any CPU.ActiveCfg = Debug|Any CPU
		{2D980167-9B74-428C-BB4A-46136C804A94}.Development|Any CPU.Build.0 = Debug|Any CPU
		{2D980167-9B74-428C-BB4A-46136C804A94}.Release|Any CPU.ActiveCfg = Release|Any CPU
		{2D980167-9B74-428C-BB4A-46136C804A94}.Release|Any CPU.Build.0 = Release|Any CPU
		{D6F33FD2-A067-44FC-9631-C58ED92F0614}.Debug|Any CPU.ActiveCfg = Debug|Any CPU
		{D6F33FD2-A067-44FC-9631-C58ED92F0614}.Debug|Any CPU.Build.0 = Debug|Any CPU
		{D6F33FD2-A067-44FC-9631-C58ED92F0614}.Development|Any CPU.ActiveCfg = Debug|Any CPU
		{D6F33FD2-A067-44FC-9631-C58ED92F0614}.Development|Any CPU.Build.0 = Debug|Any CPU
		{D6F33FD2-A067-44FC-9631-C58ED92F0614}.Release|Any CPU.ActiveCfg = Release|Any CPU
		{D6F33FD2-A067-44FC-9631-C58ED92F0614}.Release|Any CPU.Build.0 = Release|Any CPU
		{F5FC8E02-F454-4D26-AC1F-3F39A6E075C9}.Debug|Any CPU.ActiveCfg = Debug|Any CPU
		{F5FC8E02-F454-4D26-AC1F-3F39A6E075C9}.Debug|Any CPU.Build.0 = Debug|Any CPU
		{F5FC8E02-F454-4D26-AC1F-3F39A6E075C9}.Development|Any CPU.ActiveCfg = Debug|Any CPU
		{F5FC8E02-F454-4D26-AC1F-3F39A6E075C9}.Development|Any CPU.Build.0 = Debug|Any CPU
		{F5FC8E02-F454-4D26-AC1F-3F39A6E075C9}.Release|Any CPU.ActiveCfg = Release|Any CPU
		{F5FC8E02-F454-4D26-AC1F-3F39A6E075C9}.Release|Any CPU.Build.0 = Release|Any CPU
		{F796E936-A05D-466D-92FF-B67E05FA90CD}.Debug|Any CPU.ActiveCfg = Debug|Any CPU
		{F796E936-A05D-466D-92FF-B67E05FA90CD}.Debug|Any CPU.Build.0 = Debug|Any CPU
		{F796E936-A05D-466D-92FF-B67E05FA90CD}.Development|Any CPU.ActiveCfg = Debug|Any CPU
		{F796E936-A05D-466D-92FF-B67E05FA90CD}.Development|Any CPU.Build.0 = Debug|Any CPU
		{F796E936-A05D-466D-92FF-B67E05FA90CD}.Release|Any CPU.ActiveCfg = Release|Any CPU
		{F796E936-A05D-466D-92FF-B67E05FA90CD}.Release|Any CPU.Build.0 = Release|Any CPU
		{6ECA187F-D32C-48EF-B811-437F644B2E22}.Debug|Any CPU.ActiveCfg = Debug|Any CPU
		{6ECA187F-D32C-48EF-B811-437F644B2E22}.Debug|Any CPU.Build.0 = Debug|Any CPU
		{6ECA187F-D32C-48EF-B811-437F644B2E22}.Development|Any CPU.ActiveCfg = Debug|Any CPU
		{6ECA187F-D32C-48EF-B811-437F644B2E22}.Development|Any CPU.Build.0 = Debug|Any CPU
		{6ECA187F-D32C-48EF-B811-437F644B2E22}.Release|Any CPU.ActiveCfg = Release|Any CPU
		{6ECA187F-D32C-48EF-B811-437F644B2E22}.Release|Any CPU.Build.0 = Release|Any CPU
		{97A86335-5F03-4AB0-AA18-246562929462}.Debug|Any CPU.ActiveCfg = Debug|Any CPU
		{97A86335-5F03-4AB0-AA18-246562929462}.Debug|Any CPU.Build.0 = Debug|Any CPU
		{97A86335-5F03-4AB0-AA18-246562929462}.Development|Any CPU.ActiveCfg = Debug|Any CPU
		{97A86335-5F03-4AB0-AA18-246562929462}.Development|Any CPU.Build.0 = Debug|Any CPU
		{97A86335-5F03-4AB0-AA18-246562929462}.Release|Any CPU.ActiveCfg = Release|Any CPU
		{97A86335-5F03-4AB0-AA18-246562929462}.Release|Any CPU.Build.0 = Release|Any CPU
		{09242A16-E781-4662-9638-3A5ACE01D38B}.Debug|Any CPU.ActiveCfg = Debug|Any CPU
		{09242A16-E781-4662-9638-3A5ACE01D38B}.Debug|Any CPU.Build.0 = Debug|Any CPU
		{09242A16-E781-4662-9638-3A5ACE01D38B}.Development|Any CPU.ActiveCfg = Debug|Any CPU
		{09242A16-E781-4662-9638-3A5ACE01D38B}.Development|Any CPU.Build.0 = Debug|Any CPU
		{09242A16-E781-4662-9638-3A5ACE01D38B}.Release|Any CPU.ActiveCfg = Release|Any CPU
		{09242A16-E781-4662-9638-3A5ACE01D38B}.Release|Any CPU.Build.0 = Release|Any CPU
		{89926C39-8448-494B-9F1A-C119EC8BBBC0}.Debug|Any CPU.ActiveCfg = Debug|Any CPU
		{89926C39-8448-494B-9F1A-C119EC8BBBC0}.Debug|Any CPU.Build.0 = Debug|Any CPU
		{89926C39-8448-494B-9F1A-C119EC8BBBC0}.Development|Any CPU.ActiveCfg = Debug|Any CPU
		{89926C39-8448-494B-9F1A-C119EC8BBBC0}.Development|Any CPU.Build.0 = Debug|Any CPU
		{89926C39-8448-494B-9F1A-C119EC8BBBC0}.Release|Any CPU.ActiveCfg = Release|Any CPU
		{89926C39-8448-494B-9F1A-C119EC8BBBC0}.Release|Any CPU.Build.0 = Release|Any CPU
		{8894561C-DCD7-4F42-B1C7-96AC135D74FA}.Debug|Any CPU.ActiveCfg = Debug|Any CPU
		{8894561C-DCD7-4F42-B1C7-96AC135D74FA}.Debug|Any CPU.Build.0 = Debug|Any CPU
		{8894561C-DCD7-4F42-B1C7-96AC135D74FA}.Development|Any CPU.ActiveCfg = Debug|Any CPU
		{8894561C-DCD7-4F42-B1C7-96AC135D74FA}.Development|Any CPU.Build.0 = Debug|Any CPU
		{8894561C-DCD7-4F42-B1C7-96AC135D74FA}.Release|Any CPU.ActiveCfg = Release|Any CPU
		{8894561C-DCD7-4F42-B1C7-96AC135D74FA}.Release|Any CPU.Build.0 = Release|Any CPU
		{31ED40D1-088D-41E2-A76D-2B13E0AAA670}.Debug|Any CPU.ActiveCfg = Debug|Any CPU
		{31ED40D1-088D-41E2-A76D-2B13E0AAA670}.Debug|Any CPU.Build.0 = Debug|Any CPU
		{31ED40D1-088D-41E2-A76D-2B13E0AAA670}.Development|Any CPU.ActiveCfg = Debug|Any CPU
		{31ED40D1-088D-41E2-A76D-2B13E0AAA670}.Development|Any CPU.Build.0 = Debug|Any CPU
		{31ED40D1-088D-41E2-A76D-2B13E0AAA670}.Release|Any CPU.ActiveCfg = Release|Any CPU
		{31ED40D1-088D-41E2-A76D-2B13E0AAA670}.Release|Any CPU.Build.0 = Release|Any CPU
		{FED2BAB6-3BBE-46F9-8C8B-76C6D3AAD2FC}.Debug|Any CPU.ActiveCfg = Debug|Any CPU
		{FED2BAB6-3BBE-46F9-8C8B-76C6D3AAD2FC}.Debug|Any CPU.Build.0 = Debug|Any CPU
		{FED2BAB6-3BBE-46F9-8C8B-76C6D3AAD2FC}.Development|Any CPU.ActiveCfg = Debug|Any CPU
		{FED2BAB6-3BBE-46F9-8C8B-76C6D3AAD2FC}.Development|Any CPU.Build.0 = Debug|Any CPU
		{FED2BAB6-3BBE-46F9-8C8B-76C6D3AAD2FC}.Release|Any CPU.ActiveCfg = Release|Any CPU
		{FED2BAB6-3BBE-46F9-8C8B-76C6D3AAD2FC}.Release|Any CPU.Build.0 = Release|Any CPU
		{DCB7DC1E-5680-4EBE-AF14-6036AE1DC03F}.Debug|Any CPU.ActiveCfg = Debug|Any CPU
		{DCB7DC1E-5680-4EBE-AF14-6036AE1DC03F}.Debug|Any CPU.Build.0 = Debug|Any CPU
		{DCB7DC1E-5680-4EBE-AF14-6036AE1DC03F}.Development|Any CPU.ActiveCfg = Debug|Any CPU
		{DCB7DC1E-5680-4EBE-AF14-6036AE1DC03F}.Development|Any CPU.Build.0 = Debug|Any CPU
		{DCB7DC1E-5680-4EBE-AF14-6036AE1DC03F}.Release|Any CPU.ActiveCfg = Release|Any CPU
		{DCB7DC1E-5680-4EBE-AF14-6036AE1DC03F}.Release|Any CPU.Build.0 = Release|Any CPU
		{CFCC29BD-0D0E-40E5-AB7F-6B5FFFD58EE6}.Debug|Any CPU.ActiveCfg = Debug|Any CPU
		{CFCC29BD-0D0E-40E5-AB7F-6B5FFFD58EE6}.Debug|Any CPU.Build.0 = Debug|Any CPU
		{CFCC29BD-0D0E-40E5-AB7F-6B5FFFD58EE6}.Development|Any CPU.ActiveCfg = Debug|Any CPU
		{CFCC29BD-0D0E-40E5-AB7F-6B5FFFD58EE6}.Development|Any CPU.Build.0 = Debug|Any CPU
		{CFCC29BD-0D0E-40E5-AB7F-6B5FFFD58EE6}.Release|Any CPU.ActiveCfg = Release|Any CPU
		{CFCC29BD-0D0E-40E5-AB7F-6B5FFFD58EE6}.Release|Any CPU.Build.0 = Release|Any CPU
		{4A88C98B-9D6C-47CD-8D27-9C2D4840A349}.Debug|Any CPU.ActiveCfg = Debug|Any CPU
		{4A88C98B-9D6C-47CD-8D27-9C2D4840A349}.Debug|Any CPU.Build.0 = Debug|Any CPU
		{4A88C98B-9D6C-47CD-8D27-9C2D4840A349}.Development|Any CPU.ActiveCfg = Debug|Any CPU
		{4A88C98B-9D6C-47CD-8D27-9C2D4840A349}.Development|Any CPU.Build.0 = Debug|Any CPU
		{4A88C98B-9D6C-47CD-8D27-9C2D4840A349}.Release|Any CPU.ActiveCfg = Release|Any CPU
		{4A88C98B-9D6C-47CD-8D27-9C2D4840A349}.Release|Any CPU.Build.0 = Release|Any CPU
		{F1E30B96-34BA-4136-8A49-AF3D35CC53EA}.Debug|Any CPU.ActiveCfg = Debug|Any CPU
		{F1E30B96-34BA-4136-8A49-AF3D35CC53EA}.Debug|Any CPU.Build.0 = Debug|Any CPU
		{F1E30B96-34BA-4136-8A49-AF3D35CC53EA}.Development|Any CPU.ActiveCfg = Debug|Any CPU
		{F1E30B96-34BA-4136-8A49-AF3D35CC53EA}.Development|Any CPU.Build.0 = Debug|Any CPU
		{F1E30B96-34BA-4136-8A49-AF3D35CC53EA}.Release|Any CPU.ActiveCfg = Release|Any CPU
		{F1E30B96-34BA-4136-8A49-AF3D35CC53EA}.Release|Any CPU.Build.0 = Release|Any CPU
		{8958F0E4-5879-4D05-9E60-DDBC5CB408C4}.Debug|Any CPU.ActiveCfg = Debug|Any CPU
		{8958F0E4-5879-4D05-9E60-DDBC5CB408C4}.Debug|Any CPU.Build.0 = Debug|Any CPU
		{8958F0E4-5879-4D05-9E60-DDBC5CB408C4}.Development|Any CPU.ActiveCfg = Debug|Any CPU
		{8958F0E4-5879-4D05-9E60-DDBC5CB408C4}.Development|Any CPU.Build.0 = Debug|Any CPU
		{8958F0E4-5879-4D05-9E60-DDBC5CB408C4}.Release|Any CPU.ActiveCfg = Release|Any CPU
		{8958F0E4-5879-4D05-9E60-DDBC5CB408C4}.Release|Any CPU.Build.0 = Release|Any CPU
		{6A682D9A-1D87-42BE-8799-445AAB2F0C05}.Debug|Any CPU.ActiveCfg = Debug|Any CPU
		{6A682D9A-1D87-42BE-8799-445AAB2F0C05}.Debug|Any CPU.Build.0 = Debug|Any CPU
		{6A682D9A-1D87-42BE-8799-445AAB2F0C05}.Development|Any CPU.ActiveCfg = Debug|Any CPU
		{6A682D9A-1D87-42BE-8799-445AAB2F0C05}.Development|Any CPU.Build.0 = Debug|Any CPU
		{6A682D9A-1D87-42BE-8799-445AAB2F0C05}.Release|Any CPU.ActiveCfg = Release|Any CPU
		{6A682D9A-1D87-42BE-8799-445AAB2F0C05}.Release|Any CPU.Build.0 = Release|Any CPU
		{5A6A912D-129A-4ED0-B71F-D1BA27CE31A7}.Debug|Any CPU.ActiveCfg = Debug|Any CPU
		{5A6A912D-129A-4ED0-B71F-D1BA27CE31A7}.Debug|Any CPU.Build.0 = Debug|Any CPU
		{5A6A912D-129A-4ED0-B71F-D1BA27CE31A7}.Development|Any CPU.ActiveCfg = Debug|Any CPU
		{5A6A912D-129A-4ED0-B71F-D1BA27CE31A7}.Development|Any CPU.Build.0 = Debug|Any CPU
		{5A6A912D-129A-4ED0-B71F-D1BA27CE31A7}.Release|Any CPU.ActiveCfg = Release|Any CPU
		{5A6A912D-129A-4ED0-B71F-D1BA27CE31A7}.Release|Any CPU.Build.0 = Release|Any CPU
		{BE650155-817B-4C7A-A71F-F4F2FBB56551}.Debug|Any CPU.ActiveCfg = Debug|Any CPU
		{BE650155-817B-4C7A-A71F-F4F2FBB56551}.Debug|Any CPU.Build.0 = Debug|Any CPU
		{BE650155-817B-4C7A-A71F-F4F2FBB56551}.Development|Any CPU.ActiveCfg = Debug|Any CPU
		{BE650155-817B-4C7A-A71F-F4F2FBB56551}.Development|Any CPU.Build.0 = Debug|Any CPU
		{BE650155-817B-4C7A-A71F-F4F2FBB56551}.Release|Any CPU.ActiveCfg = Release|Any CPU
		{BE650155-817B-4C7A-A71F-F4F2FBB56551}.Release|Any CPU.Build.0 = Release|Any CPU
		{7CA55388-AEF2-409C-BC89-A413895E1237}.Debug|Any CPU.ActiveCfg = Debug|Any CPU
		{7CA55388-AEF2-409C-BC89-A413895E1237}.Debug|Any CPU.Build.0 = Debug|Any CPU
		{7CA55388-AEF2-409C-BC89-A413895E1237}.Development|Any CPU.ActiveCfg = Debug|Any CPU
		{7CA55388-AEF2-409C-BC89-A413895E1237}.Development|Any CPU.Build.0 = Debug|Any CPU
		{7CA55388-AEF2-409C-BC89-A413895E1237}.Release|Any CPU.ActiveCfg = Release|Any CPU
		{7CA55388-AEF2-409C-BC89-A413895E1237}.Release|Any CPU.Build.0 = Release|Any CPU
		{BBEE033E-9297-4D9E-9CD6-B0A1DE4874CC}.Debug|Any CPU.ActiveCfg = Debug|Any CPU
		{BBEE033E-9297-4D9E-9CD6-B0A1DE4874CC}.Debug|Any CPU.Build.0 = Debug|Any CPU
		{BBEE033E-9297-4D9E-9CD6-B0A1DE4874CC}.Development|Any CPU.ActiveCfg = Debug|Any CPU
		{BBEE033E-9297-4D9E-9CD6-B0A1DE4874CC}.Development|Any CPU.Build.0 = Debug|Any CPU
		{BBEE033E-9297-4D9E-9CD6-B0A1DE4874CC}.Release|Any CPU.ActiveCfg = Release|Any CPU
		{BBEE033E-9297-4D9E-9CD6-B0A1DE4874CC}.Release|Any CPU.Build.0 = Release|Any CPU
		{29B002B4-9992-45D3-AD76-AFD2014457F5}.Debug|Any CPU.ActiveCfg = Debug|Any CPU
		{29B002B4-9992-45D3-AD76-AFD2014457F5}.Debug|Any CPU.Build.0 = Debug|Any CPU
		{29B002B4-9992-45D3-AD76-AFD2014457F5}.Development|Any CPU.ActiveCfg = Debug|Any CPU
		{29B002B4-9992-45D3-AD76-AFD2014457F5}.Development|Any CPU.Build.0 = Debug|Any CPU
		{29B002B4-9992-45D3-AD76-AFD2014457F5}.Release|Any CPU.ActiveCfg = Release|Any CPU
		{29B002B4-9992-45D3-AD76-AFD2014457F5}.Release|Any CPU.Build.0 = Release|Any CPU
		{366CDACC-94CA-4875-8618-833530A5CDA5}.Debug|Any CPU.ActiveCfg = Debug|Any CPU
		{366CDACC-94CA-4875-8618-833530A5CDA5}.Debug|Any CPU.Build.0 = Debug|Any CPU
		{366CDACC-94CA-4875-8618-833530A5CDA5}.Development|Any CPU.ActiveCfg = Debug|Any CPU
		{366CDACC-94CA-4875-8618-833530A5CDA5}.Development|Any CPU.Build.0 = Debug|Any CPU
		{366CDACC-94CA-4875-8618-833530A5CDA5}.Release|Any CPU.ActiveCfg = Release|Any CPU
		{366CDACC-94CA-4875-8618-833530A5CDA5}.Release|Any CPU.Build.0 = Release|Any CPU
		{DBF0DA6C-2F81-49EE-8103-B9DA6F370371}.Debug|Any CPU.ActiveCfg = Debug|Any CPU
		{DBF0DA6C-2F81-49EE-8103-B9DA6F370371}.Debug|Any CPU.Build.0 = Debug|Any CPU
		{DBF0DA6C-2F81-49EE-8103-B9DA6F370371}.Development|Any CPU.ActiveCfg = Debug|Any CPU
		{DBF0DA6C-2F81-49EE-8103-B9DA6F370371}.Development|Any CPU.Build.0 = Debug|Any CPU
		{DBF0DA6C-2F81-49EE-8103-B9DA6F370371}.Release|Any CPU.ActiveCfg = Release|Any CPU
		{DBF0DA6C-2F81-49EE-8103-B9DA6F370371}.Release|Any CPU.Build.0 = Release|Any CPU
		{0037E132-DDF9-4EA5-9192-2BBD91B67506}.Debug|Any CPU.ActiveCfg = Debug|Any CPU
		{0037E132-DDF9-4EA5-9192-2BBD91B67506}.Debug|Any CPU.Build.0 = Debug|Any CPU
		{0037E132-DDF9-4EA5-9192-2BBD91B67506}.Development|Any CPU.ActiveCfg = Debug|Any CPU
		{0037E132-DDF9-4EA5-9192-2BBD91B67506}.Development|Any CPU.Build.0 = Debug|Any CPU
		{0037E132-DDF9-4EA5-9192-2BBD91B67506}.Release|Any CPU.ActiveCfg = Release|Any CPU
		{0037E132-DDF9-4EA5-9192-2BBD91B67506}.Release|Any CPU.Build.0 = Release|Any CPU
		{94DFAAC5-DF5B-4022-B0B7-E59EF3817530}.Debug|Any CPU.ActiveCfg = Debug|Any CPU
		{94DFAAC5-DF5B-4022-B0B7-E59EF3817530}.Debug|Any CPU.Build.0 = Debug|Any CPU
		{94DFAAC5-DF5B-4022-B0B7-E59EF3817530}.Development|Any CPU.ActiveCfg = Debug|Any CPU
		{94DFAAC5-DF5B-4022-B0B7-E59EF3817530}.Development|Any CPU.Build.0 = Debug|Any CPU
		{94DFAAC5-DF5B-4022-B0B7-E59EF3817530}.Release|Any CPU.ActiveCfg = Release|Any CPU
		{94DFAAC5-DF5B-4022-B0B7-E59EF3817530}.Release|Any CPU.Build.0 = Release|Any CPU
		{B46339FB-4F2E-4323-826F-19054966616F}.Debug|Any CPU.ActiveCfg = Development
		{B46339FB-4F2E-4323-826F-19054966616F}.Debug|Any CPU.Build.0 = Development
		{B46339FB-4F2E-4323-826F-19054966616F}.Development|Any CPU.ActiveCfg = Development
		{B46339FB-4F2E-4323-826F-19054966616F}.Development|Any CPU.Build.0 = Development
		{B46339FB-4F2E-4323-826F-19054966616F}.Release|Any CPU.ActiveCfg = Development
		{B46339FB-4F2E-4323-826F-19054966616F}.Release|Any CPU.Build.0 = Development
	EndGlobalSection
	GlobalSection(SolutionProperties) = preSolution
		HideSolutionNode = FALSE
	EndGlobalSection
	GlobalSection(NestedProjects) = preSolution
		{B6D5B9FD-4DD7-446C-939F-BD0B2B3A31DC} = {009E0012-E258-4542-94BA-6CCB5A47980A}
		{269E869E-C83B-4436-9A67-9273BFE1EF71} = {B901A9C1-710A-430F-ADF5-B1A492ABEDFF}
		{232F02FA-A089-4128-8B56-6C22EDF2A5AC} = {4AB6B02E-4FB3-493E-A576-65664D2EC41B}
		{35D30312-C72C-42A5-996D-0487E94EA3F0} = {1F5F69A5-0A6F-46C9-B36F-0BBDCD4D78D9}
		{F987EE58-8462-4A08-B0A2-F5CA0018432A} = {4AB6B02E-4FB3-493E-A576-65664D2EC41B}
		{D4C2088D-10AF-4E59-B4DB-FF5536E82385} = {4AB6B02E-4FB3-493E-A576-65664D2EC41B}
		{2D980167-9B74-428C-BB4A-46136C804A94} = {4AB6B02E-4FB3-493E-A576-65664D2EC41B}
		{572BB62D-9D94-4871-94A5-4935515997DA} = {98EC87E5-FC09-4752-97B1-88FEDAFDF5B2}
		{64ADAC3F-C7B6-44C0-B858-3B2A73C72A6D} = {98EC87E5-FC09-4752-97B1-88FEDAFDF5B2}
		{D6F33FD2-A067-44FC-9631-C58ED92F0614} = {C964B932-C257-4DD2-961A-19AE14FCFB18}
		{F5FC8E02-F454-4D26-AC1F-3F39A6E075C9} = {C768FC92-FDCA-48DF-94BF-1902245BDF96}
		{F796E936-A05D-466D-92FF-B67E05FA90CD} = {4AB6B02E-4FB3-493E-A576-65664D2EC41B}
		{009E0012-E258-4542-94BA-6CCB5A47980A} = {64ADAC3F-C7B6-44C0-B858-3B2A73C72A6D}
		{6ECA187F-D32C-48EF-B811-437F644B2E22} = {009E0012-E258-4542-94BA-6CCB5A47980A}
		{97A86335-5F03-4AB0-AA18-246562929462} = {009E0012-E258-4542-94BA-6CCB5A47980A}
		{09242A16-E781-4662-9638-3A5ACE01D38B} = {009E0012-E258-4542-94BA-6CCB5A47980A}
		{89926C39-8448-494B-9F1A-C119EC8BBBC0} = {009E0012-E258-4542-94BA-6CCB5A47980A}
		{8894561C-DCD7-4F42-B1C7-96AC135D74FA} = {009E0012-E258-4542-94BA-6CCB5A47980A}
		{31ED40D1-088D-41E2-A76D-2B13E0AAA670} = {009E0012-E258-4542-94BA-6CCB5A47980A}
		{C964B932-C257-4DD2-961A-19AE14FCFB18} = {64ADAC3F-C7B6-44C0-B858-3B2A73C72A6D}
		{4AB6B02E-4FB3-493E-A576-65664D2EC41B} = {572BB62D-9D94-4871-94A5-4935515997DA}
		{FED2BAB6-3BBE-46F9-8C8B-76C6D3AAD2FC} = {009E0012-E258-4542-94BA-6CCB5A47980A}
		{1F5F69A5-0A6F-46C9-B36F-0BBDCD4D78D9} = {64ADAC3F-C7B6-44C0-B858-3B2A73C72A6D}
		{C768FC92-FDCA-48DF-94BF-1902245BDF96} = {64ADAC3F-C7B6-44C0-B858-3B2A73C72A6D}
		{B901A9C1-710A-430F-ADF5-B1A492ABEDFF} = {572BB62D-9D94-4871-94A5-4935515997DA}
		{DCB7DC1E-5680-4EBE-AF14-6036AE1DC03F} = {C768FC92-FDCA-48DF-94BF-1902245BDF96}
		{CFCC29BD-0D0E-40E5-AB7F-6B5FFFD58EE6} = {C768FC92-FDCA-48DF-94BF-1902245BDF96}
		{4A88C98B-9D6C-47CD-8D27-9C2D4840A349} = {C768FC92-FDCA-48DF-94BF-1902245BDF96}
		{F1E30B96-34BA-4136-8A49-AF3D35CC53EA} = {C768FC92-FDCA-48DF-94BF-1902245BDF96}
		{8958F0E4-5879-4D05-9E60-DDBC5CB408C4} = {009E0012-E258-4542-94BA-6CCB5A47980A}
		{6A682D9A-1D87-42BE-8799-445AAB2F0C05} = {C964B932-C257-4DD2-961A-19AE14FCFB18}
		{5A6A912D-129A-4ED0-B71F-D1BA27CE31A7} = {C964B932-C257-4DD2-961A-19AE14FCFB18}
		{BE650155-817B-4C7A-A71F-F4F2FBB56551} = {C964B932-C257-4DD2-961A-19AE14FCFB18}
		{7CA55388-AEF2-409C-BC89-A413895E1237} = {C964B932-C257-4DD2-961A-19AE14FCFB18}
		{BBEE033E-9297-4D9E-9CD6-B0A1DE4874CC} = {C964B932-C257-4DD2-961A-19AE14FCFB18}
		{F3309571-24C5-405C-9D1E-AE5FE7D353EC} = {64ADAC3F-C7B6-44C0-B858-3B2A73C72A6D}
		{29B002B4-9992-45D3-AD76-AFD2014457F5} = {F3309571-24C5-405C-9D1E-AE5FE7D353EC}
		{366CDACC-94CA-4875-8618-833530A5CDA5} = {F3309571-24C5-405C-9D1E-AE5FE7D353EC}
		{DBF0DA6C-2F81-49EE-8103-B9DA6F370371} = {F3309571-24C5-405C-9D1E-AE5FE7D353EC}
		{25B1711D-E77F-48ED-917C-44B8F9F439CB} = {64ADAC3F-C7B6-44C0-B858-3B2A73C72A6D}
		{0037E132-DDF9-4EA5-9192-2BBD91B67506} = {B901A9C1-710A-430F-ADF5-B1A492ABEDFF}
		{94DFAAC5-DF5B-4022-B0B7-E59EF3817530} = {25B1711D-E77F-48ED-917C-44B8F9F439CB}
		{CA834366-EDFF-4998-AEF9-D50B4CC6BA4E} = {98EC87E5-FC09-4752-97B1-88FEDAFDF5B2}
		{B46339FB-4F2E-4323-826F-19054966616F} = {CA834366-EDFF-4998-AEF9-D50B4CC6BA4E}
	EndGlobalSection
EndGlobal
