
Microsoft Visual Studio Solution File, Format Version 12.00
# Visual Studio 15
VisualStudioVersion = 15.0.26730.3
MinimumVisualStudioVersion = 10.0.40219.1
Project("{2150E333-8FDC-42A3-9474-1A3956D46DE8}") = "Solution Items", "Solution Items", "{61D501CE-BF7D-40FD-8BE7-86B7CE326A73}"
	ProjectSection(SolutionItems) = preProject
		common.props = common.props
		ProjectAssemblyInfo.cs = ProjectAssemblyInfo.cs
		SolutionAssemblyInfo.cs = SolutionAssemblyInfo.cs
		TextMetal.snk = TextMetal.snk
	EndProjectSection
EndProject
Project("{2150E333-8FDC-42A3-9474-1A3956D46DE8}") = "Projects", "Projects", "{98EC87E5-FC09-4752-97B1-88FEDAFDF5B2}"
EndProject
Project("{2150E333-8FDC-42A3-9474-1A3956D46DE8}") = "bin", "bin", "{572BB62D-9D94-4871-94A5-4935515997DA}"
EndProject
Project("{2150E333-8FDC-42A3-9474-1A3956D46DE8}") = "lib", "lib", "{64ADAC3F-C7B6-44C0-B858-3B2A73C72A6D}"
EndProject
Project("{2150E333-8FDC-42A3-9474-1A3956D46DE8}") = "Solder", "Solder", "{009E0012-E258-4542-94BA-6CCB5A47980A}"
EndProject
Project("{2150E333-8FDC-42A3-9474-1A3956D46DE8}") = "Tests", "Tests", "{4AB6B02E-4FB3-493E-A576-65664D2EC41B}"
EndProject
Project("{2150E333-8FDC-42A3-9474-1A3956D46DE8}") = "Framework", "Framework", "{1F5F69A5-0A6F-46C9-B36F-0BBDCD4D78D9}"
EndProject
Project("{2150E333-8FDC-42A3-9474-1A3956D46DE8}") = "Imports", "Imports", "{C768FC92-FDCA-48DF-94BF-1902245BDF96}"
EndProject
Project("{2150E333-8FDC-42A3-9474-1A3956D46DE8}") = "Tools", "Tools", "{B901A9C1-710A-430F-ADF5-B1A492ABEDFF}"
EndProject
Project("{2150E333-8FDC-42A3-9474-1A3956D46DE8}") = "Middleware", "Middleware", "{7DF87AC9-2766-4BD1-84EE-7D27C2782060}"
EndProject
Project("{9A19103F-16F7-4668-BE54-9A1E7A4F7556}") = "TextMetal.Middleware.Solder.Primitives", "TextMetal.Middleware.Solder.Primitives\TextMetal.Middleware.Solder.Primitives.csproj", "{B6D5B9FD-4DD7-446C-939F-BD0B2B3A31DC}"
EndProject
Project("{9A19103F-16F7-4668-BE54-9A1E7A4F7556}") = "TextMetal.ConsoleTool", "TextMetal.ConsoleTool\TextMetal.ConsoleTool.csproj", "{269E869E-C83B-4436-9A67-9273BFE1EF71}"
EndProject
Project("{9A19103F-16F7-4668-BE54-9A1E7A4F7556}") = "TextMetal.Middleware.UnitTests", "TextMetal.Middleware.UnitTests\TextMetal.Middleware.UnitTests.csproj", "{232F02FA-A089-4128-8B56-6C22EDF2A5AC}"
EndProject
Project("{9A19103F-16F7-4668-BE54-9A1E7A4F7556}") = "TextMetal.Framework.UnitTests", "TextMetal.Framework.UnitTests\TextMetal.Framework.UnitTests.csproj", "{F987EE58-8462-4A08-B0A2-F5CA0018432A}"
EndProject
Project("{9A19103F-16F7-4668-BE54-9A1E7A4F7556}") = "TextMetal.Framework.IntegrationTests", "TextMetal.Framework.IntegrationTests\TextMetal.Framework.IntegrationTests.csproj", "{D4C2088D-10AF-4E59-B4DB-FF5536E82385}"
EndProject
Project("{9A19103F-16F7-4668-BE54-9A1E7A4F7556}") = "TextMetal.Middleware.IntegrationTests", "TextMetal.Middleware.IntegrationTests\TextMetal.Middleware.IntegrationTests.csproj", "{2D980167-9B74-428C-BB4A-46136C804A94}"
EndProject
Project("{9A19103F-16F7-4668-BE54-9A1E7A4F7556}") = "TextMetal.Middleware.Solder.Context", "TextMetal.Middleware.Solder.Context\TextMetal.Middleware.Solder.Context.csproj", "{6ECA187F-D32C-48EF-B811-437F644B2E22}"
EndProject
Project("{9A19103F-16F7-4668-BE54-9A1E7A4F7556}") = "TextMetal.Middleware.Solder.Injection", "TextMetal.Middleware.Solder.Injection\TextMetal.Middleware.Solder.Injection.csproj", "{97A86335-5F03-4AB0-AA18-246562929462}"
EndProject
Project("{9A19103F-16F7-4668-BE54-9A1E7A4F7556}") = "TextMetal.Middleware.Solder.Interception", "TextMetal.Middleware.Solder.Interception\TextMetal.Middleware.Solder.Interception.csproj", "{09242A16-E781-4662-9638-3A5ACE01D38B}"
EndProject
Project("{9A19103F-16F7-4668-BE54-9A1E7A4F7556}") = "TextMetal.Middleware.Solder.Serialization", "TextMetal.Middleware.Solder.Serialization\TextMetal.Middleware.Solder.Serialization.csproj", "{89926C39-8448-494B-9F1A-C119EC8BBBC0}"
EndProject
Project("{9A19103F-16F7-4668-BE54-9A1E7A4F7556}") = "TextMetal.Middleware.Solder.Utilities", "TextMetal.Middleware.Solder.Utilities\TextMetal.Middleware.Solder.Utilities.csproj", "{8894561C-DCD7-4F42-B1C7-96AC135D74FA}"
EndProject
Project("{9A19103F-16F7-4668-BE54-9A1E7A4F7556}") = "TextMetal.Middleware.Solder.Executive", "TextMetal.Middleware.Solder.Executive\TextMetal.Middleware.Solder.Executive.csproj", "{31ED40D1-088D-41E2-A76D-2B13E0AAA670}"
EndProject
Project("{9A19103F-16F7-4668-BE54-9A1E7A4F7556}") = "TextMetal.Middleware.Solder.Extensions", "TextMetal.Middleware.Solder.Extensions\TextMetal.Middleware.Solder.Extensions.csproj", "{FED2BAB6-3BBE-46F9-8C8B-76C6D3AAD2FC}"
EndProject
Project("{9A19103F-16F7-4668-BE54-9A1E7A4F7556}") = "TextMetal.Imports.CastleCore", "TextMetal.Imports.CastleCore\TextMetal.Imports.CastleCore.csproj", "{DCB7DC1E-5680-4EBE-AF14-6036AE1DC03F}"
EndProject
Project("{9A19103F-16F7-4668-BE54-9A1E7A4F7556}") = "TextMetal.Imports.Jint", "TextMetal.Imports.Jint\TextMetal.Imports.Jint.csproj", "{CFCC29BD-0D0E-40E5-AB7F-6B5FFFD58EE6}"
EndProject
Project("{9A19103F-16F7-4668-BE54-9A1E7A4F7556}") = "TextMetal.Imports.NMock", "TextMetal.Imports.NMock\TextMetal.Imports.NMock.csproj", "{4A88C98B-9D6C-47CD-8D27-9C2D4840A349}"
EndProject
Project("{9A19103F-16F7-4668-BE54-9A1E7A4F7556}") = "TextMetal.Imports.NUnit", "TextMetal.Imports.NUnit\TextMetal.Imports.NUnit.csproj", "{F1E30B96-34BA-4136-8A49-AF3D35CC53EA}"
EndProject
Project("{9A19103F-16F7-4668-BE54-9A1E7A4F7556}") = "TextMetal.Framework", "TextMetal.Framework\TextMetal.Framework.csproj", "{561843E0-1A74-4513-8F20-9C357D4EAA4F}"
EndProject
Global
	GlobalSection(SolutionConfigurationPlatforms) = preSolution
		Debug|Any CPU = Debug|Any CPU
		Development|Any CPU = Development|Any CPU
		Release|Any CPU = Release|Any CPU
	EndGlobalSection
	GlobalSection(ProjectConfigurationPlatforms) = postSolution
		{B6D5B9FD-4DD7-446C-939F-BD0B2B3A31DC}.Debug|Any CPU.ActiveCfg = Debug|Any CPU
		{B6D5B9FD-4DD7-446C-939F-BD0B2B3A31DC}.Debug|Any CPU.Build.0 = Debug|Any CPU
		{B6D5B9FD-4DD7-446C-939F-BD0B2B3A31DC}.Development|Any CPU.ActiveCfg = Debug|Any CPU
		{B6D5B9FD-4DD7-446C-939F-BD0B2B3A31DC}.Development|Any CPU.Build.0 = Debug|Any CPU
		{B6D5B9FD-4DD7-446C-939F-BD0B2B3A31DC}.Release|Any CPU.ActiveCfg = Release|Any CPU
		{B6D5B9FD-4DD7-446C-939F-BD0B2B3A31DC}.Release|Any CPU.Build.0 = Release|Any CPU
		{269E869E-C83B-4436-9A67-9273BFE1EF71}.Debug|Any CPU.ActiveCfg = Debug|Any CPU
		{269E869E-C83B-4436-9A67-9273BFE1EF71}.Debug|Any CPU.Build.0 = Debug|Any CPU
		{269E869E-C83B-4436-9A67-9273BFE1EF71}.Development|Any CPU.ActiveCfg = Debug|Any CPU
		{269E869E-C83B-4436-9A67-9273BFE1EF71}.Development|Any CPU.Build.0 = Debug|Any CPU
		{269E869E-C83B-4436-9A67-9273BFE1EF71}.Release|Any CPU.ActiveCfg = Release|Any CPU
		{269E869E-C83B-4436-9A67-9273BFE1EF71}.Release|Any CPU.Build.0 = Release|Any CPU
		{232F02FA-A089-4128-8B56-6C22EDF2A5AC}.Debug|Any CPU.ActiveCfg = Debug|Any CPU
		{232F02FA-A089-4128-8B56-6C22EDF2A5AC}.Debug|Any CPU.Build.0 = Debug|Any CPU
		{232F02FA-A089-4128-8B56-6C22EDF2A5AC}.Development|Any CPU.ActiveCfg = Debug|Any CPU
		{232F02FA-A089-4128-8B56-6C22EDF2A5AC}.Development|Any CPU.Build.0 = Debug|Any CPU
		{232F02FA-A089-4128-8B56-6C22EDF2A5AC}.Release|Any CPU.ActiveCfg = Release|Any CPU
		{232F02FA-A089-4128-8B56-6C22EDF2A5AC}.Release|Any CPU.Build.0 = Release|Any CPU
		{F987EE58-8462-4A08-B0A2-F5CA0018432A}.Debug|Any CPU.ActiveCfg = Debug|Any CPU
		{F987EE58-8462-4A08-B0A2-F5CA0018432A}.Debug|Any CPU.Build.0 = Debug|Any CPU
		{F987EE58-8462-4A08-B0A2-F5CA0018432A}.Development|Any CPU.ActiveCfg = Debug|Any CPU
		{F987EE58-8462-4A08-B0A2-F5CA0018432A}.Development|Any CPU.Build.0 = Debug|Any CPU
		{F987EE58-8462-4A08-B0A2-F5CA0018432A}.Release|Any CPU.ActiveCfg = Release|Any CPU
		{F987EE58-8462-4A08-B0A2-F5CA0018432A}.Release|Any CPU.Build.0 = Release|Any CPU
		{D4C2088D-10AF-4E59-B4DB-FF5536E82385}.Debug|Any CPU.ActiveCfg = Debug|Any CPU
		{D4C2088D-10AF-4E59-B4DB-FF5536E82385}.Debug|Any CPU.Build.0 = Debug|Any CPU
		{D4C2088D-10AF-4E59-B4DB-FF5536E82385}.Development|Any CPU.ActiveCfg = Debug|Any CPU
		{D4C2088D-10AF-4E59-B4DB-FF5536E82385}.Development|Any CPU.Build.0 = Debug|Any CPU
		{D4C2088D-10AF-4E59-B4DB-FF5536E82385}.Release|Any CPU.ActiveCfg = Release|Any CPU
		{D4C2088D-10AF-4E59-B4DB-FF5536E82385}.Release|Any CPU.Build.0 = Release|Any CPU
		{2D980167-9B74-428C-BB4A-46136C804A94}.Debug|Any CPU.ActiveCfg = Debug|Any CPU
		{2D980167-9B74-428C-BB4A-46136C804A94}.Debug|Any CPU.Build.0 = Debug|Any CPU
		{2D980167-9B74-428C-BB4A-46136C804A94}.Development|Any CPU.ActiveCfg = Debug|Any CPU
		{2D980167-9B74-428C-BB4A-46136C804A94}.Development|Any CPU.Build.0 = Debug|Any CPU
		{2D980167-9B74-428C-BB4A-46136C804A94}.Release|Any CPU.ActiveCfg = Release|Any CPU
		{2D980167-9B74-428C-BB4A-46136C804A94}.Release|Any CPU.Build.0 = Release|Any CPU
		{6ECA187F-D32C-48EF-B811-437F644B2E22}.Debug|Any CPU.ActiveCfg = Debug|Any CPU
		{6ECA187F-D32C-48EF-B811-437F644B2E22}.Debug|Any CPU.Build.0 = Debug|Any CPU
		{6ECA187F-D32C-48EF-B811-437F644B2E22}.Development|Any CPU.ActiveCfg = Debug|Any CPU
		{6ECA187F-D32C-48EF-B811-437F644B2E22}.Development|Any CPU.Build.0 = Debug|Any CPU
		{6ECA187F-D32C-48EF-B811-437F644B2E22}.Release|Any CPU.ActiveCfg = Release|Any CPU
		{6ECA187F-D32C-48EF-B811-437F644B2E22}.Release|Any CPU.Build.0 = Release|Any CPU
		{97A86335-5F03-4AB0-AA18-246562929462}.Debug|Any CPU.ActiveCfg = Debug|Any CPU
		{97A86335-5F03-4AB0-AA18-246562929462}.Debug|Any CPU.Build.0 = Debug|Any CPU
		{97A86335-5F03-4AB0-AA18-246562929462}.Development|Any CPU.ActiveCfg = Debug|Any CPU
		{97A86335-5F03-4AB0-AA18-246562929462}.Development|Any CPU.Build.0 = Debug|Any CPU
		{97A86335-5F03-4AB0-AA18-246562929462}.Release|Any CPU.ActiveCfg = Release|Any CPU
		{97A86335-5F03-4AB0-AA18-246562929462}.Release|Any CPU.Build.0 = Release|Any CPU
		{09242A16-E781-4662-9638-3A5ACE01D38B}.Debug|Any CPU.ActiveCfg = Debug|Any CPU
		{09242A16-E781-4662-9638-3A5ACE01D38B}.Debug|Any CPU.Build.0 = Debug|Any CPU
		{09242A16-E781-4662-9638-3A5ACE01D38B}.Development|Any CPU.ActiveCfg = Debug|Any CPU
		{09242A16-E781-4662-9638-3A5ACE01D38B}.Development|Any CPU.Build.0 = Debug|Any CPU
		{09242A16-E781-4662-9638-3A5ACE01D38B}.Release|Any CPU.ActiveCfg = Release|Any CPU
		{09242A16-E781-4662-9638-3A5ACE01D38B}.Release|Any CPU.Build.0 = Release|Any CPU
		{89926C39-8448-494B-9F1A-C119EC8BBBC0}.Debug|Any CPU.ActiveCfg = Debug|Any CPU
		{89926C39-8448-494B-9F1A-C119EC8BBBC0}.Debug|Any CPU.Build.0 = Debug|Any CPU
		{89926C39-8448-494B-9F1A-C119EC8BBBC0}.Development|Any CPU.ActiveCfg = Debug|Any CPU
		{89926C39-8448-494B-9F1A-C119EC8BBBC0}.Development|Any CPU.Build.0 = Debug|Any CPU
		{89926C39-8448-494B-9F1A-C119EC8BBBC0}.Release|Any CPU.ActiveCfg = Release|Any CPU
		{89926C39-8448-494B-9F1A-C119EC8BBBC0}.Release|Any CPU.Build.0 = Release|Any CPU
		{8894561C-DCD7-4F42-B1C7-96AC135D74FA}.Debug|Any CPU.ActiveCfg = Debug|Any CPU
		{8894561C-DCD7-4F42-B1C7-96AC135D74FA}.Debug|Any CPU.Build.0 = Debug|Any CPU
		{8894561C-DCD7-4F42-B1C7-96AC135D74FA}.Development|Any CPU.ActiveCfg = Debug|Any CPU
		{8894561C-DCD7-4F42-B1C7-96AC135D74FA}.Development|Any CPU.Build.0 = Debug|Any CPU
		{8894561C-DCD7-4F42-B1C7-96AC135D74FA}.Release|Any CPU.ActiveCfg = Release|Any CPU
		{8894561C-DCD7-4F42-B1C7-96AC135D74FA}.Release|Any CPU.Build.0 = Release|Any CPU
		{31ED40D1-088D-41E2-A76D-2B13E0AAA670}.Debug|Any CPU.ActiveCfg = Debug|Any CPU
		{31ED40D1-088D-41E2-A76D-2B13E0AAA670}.Debug|Any CPU.Build.0 = Debug|Any CPU
		{31ED40D1-088D-41E2-A76D-2B13E0AAA670}.Development|Any CPU.ActiveCfg = Debug|Any CPU
		{31ED40D1-088D-41E2-A76D-2B13E0AAA670}.Development|Any CPU.Build.0 = Debug|Any CPU
		{31ED40D1-088D-41E2-A76D-2B13E0AAA670}.Release|Any CPU.ActiveCfg = Release|Any CPU
		{31ED40D1-088D-41E2-A76D-2B13E0AAA670}.Release|Any CPU.Build.0 = Release|Any CPU
		{FED2BAB6-3BBE-46F9-8C8B-76C6D3AAD2FC}.Debug|Any CPU.ActiveCfg = Debug|Any CPU
		{FED2BAB6-3BBE-46F9-8C8B-76C6D3AAD2FC}.Debug|Any CPU.Build.0 = Debug|Any CPU
		{FED2BAB6-3BBE-46F9-8C8B-76C6D3AAD2FC}.Development|Any CPU.ActiveCfg = Debug|Any CPU
		{FED2BAB6-3BBE-46F9-8C8B-76C6D3AAD2FC}.Development|Any CPU.Build.0 = Debug|Any CPU
		{FED2BAB6-3BBE-46F9-8C8B-76C6D3AAD2FC}.Release|Any CPU.ActiveCfg = Release|Any CPU
		{FED2BAB6-3BBE-46F9-8C8B-76C6D3AAD2FC}.Release|Any CPU.Build.0 = Release|Any CPU
		{DCB7DC1E-5680-4EBE-AF14-6036AE1DC03F}.Debug|Any CPU.ActiveCfg = Debug|Any CPU
		{DCB7DC1E-5680-4EBE-AF14-6036AE1DC03F}.Debug|Any CPU.Build.0 = Debug|Any CPU
		{DCB7DC1E-5680-4EBE-AF14-6036AE1DC03F}.Development|Any CPU.ActiveCfg = Debug|Any CPU
		{DCB7DC1E-5680-4EBE-AF14-6036AE1DC03F}.Development|Any CPU.Build.0 = Debug|Any CPU
		{DCB7DC1E-5680-4EBE-AF14-6036AE1DC03F}.Release|Any CPU.ActiveCfg = Release|Any CPU
		{DCB7DC1E-5680-4EBE-AF14-6036AE1DC03F}.Release|Any CPU.Build.0 = Release|Any CPU
		{CFCC29BD-0D0E-40E5-AB7F-6B5FFFD58EE6}.Debug|Any CPU.ActiveCfg = Debug|Any CPU
		{CFCC29BD-0D0E-40E5-AB7F-6B5FFFD58EE6}.Debug|Any CPU.Build.0 = Debug|Any CPU
		{CFCC29BD-0D0E-40E5-AB7F-6B5FFFD58EE6}.Development|Any CPU.ActiveCfg = Debug|Any CPU
		{CFCC29BD-0D0E-40E5-AB7F-6B5FFFD58EE6}.Development|Any CPU.Build.0 = Debug|Any CPU
		{CFCC29BD-0D0E-40E5-AB7F-6B5FFFD58EE6}.Release|Any CPU.ActiveCfg = Release|Any CPU
		{CFCC29BD-0D0E-40E5-AB7F-6B5FFFD58EE6}.Release|Any CPU.Build.0 = Release|Any CPU
		{4A88C98B-9D6C-47CD-8D27-9C2D4840A349}.Debug|Any CPU.ActiveCfg = Debug|Any CPU
		{4A88C98B-9D6C-47CD-8D27-9C2D4840A349}.Debug|Any CPU.Build.0 = Debug|Any CPU
		{4A88C98B-9D6C-47CD-8D27-9C2D4840A349}.Development|Any CPU.ActiveCfg = Debug|Any CPU
		{4A88C98B-9D6C-47CD-8D27-9C2D4840A349}.Development|Any CPU.Build.0 = Debug|Any CPU
		{4A88C98B-9D6C-47CD-8D27-9C2D4840A349}.Release|Any CPU.ActiveCfg = Release|Any CPU
		{4A88C98B-9D6C-47CD-8D27-9C2D4840A349}.Release|Any CPU.Build.0 = Release|Any CPU
		{F1E30B96-34BA-4136-8A49-AF3D35CC53EA}.Debug|Any CPU.ActiveCfg = Debug|Any CPU
		{F1E30B96-34BA-4136-8A49-AF3D35CC53EA}.Debug|Any CPU.Build.0 = Debug|Any CPU
		{F1E30B96-34BA-4136-8A49-AF3D35CC53EA}.Development|Any CPU.ActiveCfg = Debug|Any CPU
		{F1E30B96-34BA-4136-8A49-AF3D35CC53EA}.Development|Any CPU.Build.0 = Debug|Any CPU
		{F1E30B96-34BA-4136-8A49-AF3D35CC53EA}.Release|Any CPU.ActiveCfg = Release|Any CPU
		{F1E30B96-34BA-4136-8A49-AF3D35CC53EA}.Release|Any CPU.Build.0 = Release|Any CPU
		{561843E0-1A74-4513-8F20-9C357D4EAA4F}.Debug|Any CPU.ActiveCfg = Debug|Any CPU
		{561843E0-1A74-4513-8F20-9C357D4EAA4F}.Debug|Any CPU.Build.0 = Debug|Any CPU
		{561843E0-1A74-4513-8F20-9C357D4EAA4F}.Development|Any CPU.ActiveCfg = Debug|Any CPU
		{561843E0-1A74-4513-8F20-9C357D4EAA4F}.Development|Any CPU.Build.0 = Debug|Any CPU
		{561843E0-1A74-4513-8F20-9C357D4EAA4F}.Release|Any CPU.ActiveCfg = Release|Any CPU
		{561843E0-1A74-4513-8F20-9C357D4EAA4F}.Release|Any CPU.Build.0 = Release|Any CPU
	EndGlobalSection
	GlobalSection(SolutionProperties) = preSolution
		HideSolutionNode = FALSE
	EndGlobalSection
	GlobalSection(NestedProjects) = preSolution
		{572BB62D-9D94-4871-94A5-4935515997DA} = {98EC87E5-FC09-4752-97B1-88FEDAFDF5B2}
		{64ADAC3F-C7B6-44C0-B858-3B2A73C72A6D} = {98EC87E5-FC09-4752-97B1-88FEDAFDF5B2}
		{009E0012-E258-4542-94BA-6CCB5A47980A} = {7DF87AC9-2766-4BD1-84EE-7D27C2782060}
		{4AB6B02E-4FB3-493E-A576-65664D2EC41B} = {572BB62D-9D94-4871-94A5-4935515997DA}
		{1F5F69A5-0A6F-46C9-B36F-0BBDCD4D78D9} = {64ADAC3F-C7B6-44C0-B858-3B2A73C72A6D}
		{C768FC92-FDCA-48DF-94BF-1902245BDF96} = {64ADAC3F-C7B6-44C0-B858-3B2A73C72A6D}
		{B901A9C1-710A-430F-ADF5-B1A492ABEDFF} = {572BB62D-9D94-4871-94A5-4935515997DA}
		{7DF87AC9-2766-4BD1-84EE-7D27C2782060} = {64ADAC3F-C7B6-44C0-B858-3B2A73C72A6D}
		{B6D5B9FD-4DD7-446C-939F-BD0B2B3A31DC} = {009E0012-E258-4542-94BA-6CCB5A47980A}
		{269E869E-C83B-4436-9A67-9273BFE1EF71} = {B901A9C1-710A-430F-ADF5-B1A492ABEDFF}
		{232F02FA-A089-4128-8B56-6C22EDF2A5AC} = {4AB6B02E-4FB3-493E-A576-65664D2EC41B}
		{F987EE58-8462-4A08-B0A2-F5CA0018432A} = {4AB6B02E-4FB3-493E-A576-65664D2EC41B}
		{D4C2088D-10AF-4E59-B4DB-FF5536E82385} = {4AB6B02E-4FB3-493E-A576-65664D2EC41B}
		{2D980167-9B74-428C-BB4A-46136C804A94} = {4AB6B02E-4FB3-493E-A576-65664D2EC41B}
		{6ECA187F-D32C-48EF-B811-437F644B2E22} = {009E0012-E258-4542-94BA-6CCB5A47980A}
		{97A86335-5F03-4AB0-AA18-246562929462} = {009E0012-E258-4542-94BA-6CCB5A47980A}
		{09242A16-E781-4662-9638-3A5ACE01D38B} = {009E0012-E258-4542-94BA-6CCB5A47980A}
		{89926C39-8448-494B-9F1A-C119EC8BBBC0} = {009E0012-E258-4542-94BA-6CCB5A47980A}
		{8894561C-DCD7-4F42-B1C7-96AC135D74FA} = {009E0012-E258-4542-94BA-6CCB5A47980A}
		{31ED40D1-088D-41E2-A76D-2B13E0AAA670} = {009E0012-E258-4542-94BA-6CCB5A47980A}
		{FED2BAB6-3BBE-46F9-8C8B-76C6D3AAD2FC} = {009E0012-E258-4542-94BA-6CCB5A47980A}
		{DCB7DC1E-5680-4EBE-AF14-6036AE1DC03F} = {C768FC92-FDCA-48DF-94BF-1902245BDF96}
		{CFCC29BD-0D0E-40E5-AB7F-6B5FFFD58EE6} = {C768FC92-FDCA-48DF-94BF-1902245BDF96}
		{4A88C98B-9D6C-47CD-8D27-9C2D4840A349} = {C768FC92-FDCA-48DF-94BF-1902245BDF96}
		{F1E30B96-34BA-4136-8A49-AF3D35CC53EA} = {C768FC92-FDCA-48DF-94BF-1902245BDF96}
		{561843E0-1A74-4513-8F20-9C357D4EAA4F} = {1F5F69A5-0A6F-46C9-B36F-0BBDCD4D78D9}
	EndGlobalSection
	GlobalSection(ExtensibilityGlobals) = postSolution
		SolutionGuid = {A1EA345C-8BE0-4BB1-A401-F7BD42F0896B}
	EndGlobalSection
EndGlobal
