
Microsoft Visual Studio Solution File, Format Version 12.00
# Visual Studio 14
VisualStudioVersion = 14.0.24720.0
MinimumVisualStudioVersion = 10.0.40219.1
Project("{2150E333-8FDC-42A3-9474-1A3956D46DE8}") = "Solution Items", "Solution Items", "{61D501CE-BF7D-40FD-8BE7-86B7CE326A73}"
	ProjectSection(SolutionItems) = preProject
		global.json = global.json
	EndProjectSection
EndProject
Project("{2150E333-8FDC-42A3-9474-1A3956D46DE8}") = "Projects", "Projects", "{98EC87E5-FC09-4752-97B1-88FEDAFDF5B2}"
EndProject
Project("{8BB2217D-0F2D-49D1-97BC-3654ED321F3B}") = "TextMetal.Middleware.Solder", "TextMetal.Middleware.Solder\TextMetal.Middleware.Solder.xproj", "{B6D5B9FD-4DD7-446C-939F-BD0B2B3A31DC}"
EndProject
Project("{8BB2217D-0F2D-49D1-97BC-3654ED321F3B}") = "TextMetal.ConsoleTool", "TextMetal.ConsoleTool\TextMetal.ConsoleTool.xproj", "{269E869E-C83B-4436-9A67-9273BFE1EF71}"
EndProject
Project("{8BB2217D-0F2D-49D1-97BC-3654ED321F3B}") = "TextMetal.Middleware.UnitTests", "TextMetal.Middleware.UnitTests\TextMetal.Middleware.UnitTests.xproj", "{232F02FA-A089-4128-8B56-6C22EDF2A5AC}"
EndProject
Project("{8BB2217D-0F2D-49D1-97BC-3654ED321F3B}") = "TextMetal.Framework", "TextMetal.Framework\TextMetal.Framework.xproj", "{35D30312-C72C-42A5-996D-0487E94EA3F0}"
EndProject
Project("{8BB2217D-0F2D-49D1-97BC-3654ED321F3B}") = "TextMetal.Framework.UnitTests", "TextMetal.Framework.UnitTests\TextMetal.Framework.UnitTests.xproj", "{F987EE58-8462-4A08-B0A2-F5CA0018432A}"
EndProject
Project("{8BB2217D-0F2D-49D1-97BC-3654ED321F3B}") = "TextMetal.Framework.IntegrationTests", "TextMetal.Framework.IntegrationTests\TextMetal.Framework.IntegrationTests.xproj", "{D4C2088D-10AF-4E59-B4DB-FF5536E82385}"
EndProject
Project("{8BB2217D-0F2D-49D1-97BC-3654ED321F3B}") = "TextMetal.Middleware.IntegrationTests", "TextMetal.Middleware.IntegrationTests\TextMetal.Middleware.IntegrationTests.xproj", "{2D980167-9B74-428C-BB4A-46136C804A94}"
EndProject
Project("{2150E333-8FDC-42A3-9474-1A3956D46DE8}") = "bin", "bin", "{572BB62D-9D94-4871-94A5-4935515997DA}"
EndProject
Project("{2150E333-8FDC-42A3-9474-1A3956D46DE8}") = "lib", "lib", "{64ADAC3F-C7B6-44C0-B858-3B2A73C72A6D}"
EndProject
Project("{8BB2217D-0F2D-49D1-97BC-3654ED321F3B}") = "TextMetal.Middleware.Datazoid", "TextMetal.Middleware.Datazoid\TextMetal.Middleware.Datazoid.xproj", "{D6F33FD2-A067-44FC-9631-C58ED92F0614}"
EndProject
Global
	GlobalSection(SolutionConfigurationPlatforms) = preSolution
		Debug|Any CPU = Debug|Any CPU
		Release|Any CPU = Release|Any CPU
	EndGlobalSection
	GlobalSection(ProjectConfigurationPlatforms) = postSolution
		{B6D5B9FD-4DD7-446C-939F-BD0B2B3A31DC}.Debug|Any CPU.ActiveCfg = Debug|Any CPU
		{B6D5B9FD-4DD7-446C-939F-BD0B2B3A31DC}.Debug|Any CPU.Build.0 = Debug|Any CPU
		{B6D5B9FD-4DD7-446C-939F-BD0B2B3A31DC}.Release|Any CPU.ActiveCfg = Release|Any CPU
		{B6D5B9FD-4DD7-446C-939F-BD0B2B3A31DC}.Release|Any CPU.Build.0 = Release|Any CPU
		{269E869E-C83B-4436-9A67-9273BFE1EF71}.Debug|Any CPU.ActiveCfg = Debug|Any CPU
		{269E869E-C83B-4436-9A67-9273BFE1EF71}.Debug|Any CPU.Build.0 = Debug|Any CPU
		{269E869E-C83B-4436-9A67-9273BFE1EF71}.Release|Any CPU.ActiveCfg = Release|Any CPU
		{269E869E-C83B-4436-9A67-9273BFE1EF71}.Release|Any CPU.Build.0 = Release|Any CPU
		{232F02FA-A089-4128-8B56-6C22EDF2A5AC}.Debug|Any CPU.ActiveCfg = Debug|Any CPU
		{232F02FA-A089-4128-8B56-6C22EDF2A5AC}.Debug|Any CPU.Build.0 = Debug|Any CPU
		{232F02FA-A089-4128-8B56-6C22EDF2A5AC}.Release|Any CPU.ActiveCfg = Release|Any CPU
		{232F02FA-A089-4128-8B56-6C22EDF2A5AC}.Release|Any CPU.Build.0 = Release|Any CPU
		{35D30312-C72C-42A5-996D-0487E94EA3F0}.Debug|Any CPU.ActiveCfg = Debug|Any CPU
		{35D30312-C72C-42A5-996D-0487E94EA3F0}.Debug|Any CPU.Build.0 = Debug|Any CPU
		{35D30312-C72C-42A5-996D-0487E94EA3F0}.Release|Any CPU.ActiveCfg = Release|Any CPU
		{35D30312-C72C-42A5-996D-0487E94EA3F0}.Release|Any CPU.Build.0 = Release|Any CPU
		{F987EE58-8462-4A08-B0A2-F5CA0018432A}.Debug|Any CPU.ActiveCfg = Debug|Any CPU
		{F987EE58-8462-4A08-B0A2-F5CA0018432A}.Debug|Any CPU.Build.0 = Debug|Any CPU
		{F987EE58-8462-4A08-B0A2-F5CA0018432A}.Release|Any CPU.ActiveCfg = Release|Any CPU
		{F987EE58-8462-4A08-B0A2-F5CA0018432A}.Release|Any CPU.Build.0 = Release|Any CPU
		{D4C2088D-10AF-4E59-B4DB-FF5536E82385}.Debug|Any CPU.ActiveCfg = Debug|Any CPU
		{D4C2088D-10AF-4E59-B4DB-FF5536E82385}.Debug|Any CPU.Build.0 = Debug|Any CPU
		{D4C2088D-10AF-4E59-B4DB-FF5536E82385}.Release|Any CPU.ActiveCfg = Release|Any CPU
		{D4C2088D-10AF-4E59-B4DB-FF5536E82385}.Release|Any CPU.Build.0 = Release|Any CPU
		{2D980167-9B74-428C-BB4A-46136C804A94}.Debug|Any CPU.ActiveCfg = Debug|Any CPU
		{2D980167-9B74-428C-BB4A-46136C804A94}.Debug|Any CPU.Build.0 = Debug|Any CPU
		{2D980167-9B74-428C-BB4A-46136C804A94}.Release|Any CPU.ActiveCfg = Release|Any CPU
		{2D980167-9B74-428C-BB4A-46136C804A94}.Release|Any CPU.Build.0 = Release|Any CPU
		{D6F33FD2-A067-44FC-9631-C58ED92F0614}.Debug|Any CPU.ActiveCfg = Debug|Any CPU
		{D6F33FD2-A067-44FC-9631-C58ED92F0614}.Debug|Any CPU.Build.0 = Debug|Any CPU
		{D6F33FD2-A067-44FC-9631-C58ED92F0614}.Release|Any CPU.ActiveCfg = Release|Any CPU
		{D6F33FD2-A067-44FC-9631-C58ED92F0614}.Release|Any CPU.Build.0 = Release|Any CPU
	EndGlobalSection
	GlobalSection(SolutionProperties) = preSolution
		HideSolutionNode = FALSE
	EndGlobalSection
	GlobalSection(NestedProjects) = preSolution
		{B6D5B9FD-4DD7-446C-939F-BD0B2B3A31DC} = {64ADAC3F-C7B6-44C0-B858-3B2A73C72A6D}
		{269E869E-C83B-4436-9A67-9273BFE1EF71} = {572BB62D-9D94-4871-94A5-4935515997DA}
		{232F02FA-A089-4128-8B56-6C22EDF2A5AC} = {572BB62D-9D94-4871-94A5-4935515997DA}
		{35D30312-C72C-42A5-996D-0487E94EA3F0} = {64ADAC3F-C7B6-44C0-B858-3B2A73C72A6D}
		{F987EE58-8462-4A08-B0A2-F5CA0018432A} = {572BB62D-9D94-4871-94A5-4935515997DA}
		{D4C2088D-10AF-4E59-B4DB-FF5536E82385} = {572BB62D-9D94-4871-94A5-4935515997DA}
		{2D980167-9B74-428C-BB4A-46136C804A94} = {572BB62D-9D94-4871-94A5-4935515997DA}
		{572BB62D-9D94-4871-94A5-4935515997DA} = {98EC87E5-FC09-4752-97B1-88FEDAFDF5B2}
		{64ADAC3F-C7B6-44C0-B858-3B2A73C72A6D} = {98EC87E5-FC09-4752-97B1-88FEDAFDF5B2}
		{D6F33FD2-A067-44FC-9631-C58ED92F0614} = {64ADAC3F-C7B6-44C0-B858-3B2A73C72A6D}
	EndGlobalSection
EndGlobal
